
Microsoft Visual Studio Solution File, Format Version 12.00
# Visual Studio 15
VisualStudioVersion = 15.0.28010.2026
MinimumVisualStudioVersion = 10.0.40219.1
Project("{FAE04EC0-301F-11D3-BF4B-00C04F79EFBC}") = "Test33", "Test33\Test33.csproj", "{0EDD42BA-9734-4158-8BAB-374FC3F35C6B}"
EndProject
Global
	GlobalSection(SolutionConfigurationPlatforms) = preSolution
		Debug|Any CPU = Debug|Any CPU
		Release|Any CPU = Release|Any CPU
	EndGlobalSection
	GlobalSection(ProjectConfigurationPlatforms) = postSolution
		{0EDD42BA-9734-4158-8BAB-374FC3F35C6B}.Debug|Any CPU.ActiveCfg = Debug|Any CPU
		{0EDD42BA-9734-4158-8BAB-374FC3F35C6B}.Debug|Any CPU.Build.0 = Debug|Any CPU
		{0EDD42BA-9734-4158-8BAB-374FC3F35C6B}.Release|Any CPU.ActiveCfg = Release|Any CPU
		{0EDD42BA-9734-4158-8BAB-374FC3F35C6B}.Release|Any CPU.Build.0 = Release|Any CPU
	EndGlobalSection
	GlobalSection(SolutionProperties) = preSolution
		HideSolutionNode = FALSE
	EndGlobalSection
	GlobalSection(ExtensibilityGlobals) = postSolution
		SolutionGuid = {B151FCEC-AC56-496A-B63E-389C947CFACF}
	EndGlobalSection
EndGlobal
