
Microsoft Visual Studio Solution File, Format Version 12.00
# Visual Studio 15
VisualStudioVersion = 15.0.28010.2026
MinimumVisualStudioVersion = 10.0.40219.1
Project("{FAE04EC0-301F-11D3-BF4B-00C04F79EFBC}") = "Test31", "Test31\Test31.csproj", "{26C70095-C0EB-46DC-B3F0-298F9BC88F6B}"
EndProject
Global
	GlobalSection(SolutionConfigurationPlatforms) = preSolution
		Debug|Any CPU = Debug|Any CPU
		Release|Any CPU = Release|Any CPU
	EndGlobalSection
	GlobalSection(ProjectConfigurationPlatforms) = postSolution
		{26C70095-C0EB-46DC-B3F0-298F9BC88F6B}.Debug|Any CPU.ActiveCfg = Debug|Any CPU
		{26C70095-C0EB-46DC-B3F0-298F9BC88F6B}.Debug|Any CPU.Build.0 = Debug|Any CPU
		{26C70095-C0EB-46DC-B3F0-298F9BC88F6B}.Release|Any CPU.ActiveCfg = Release|Any CPU
		{26C70095-C0EB-46DC-B3F0-298F9BC88F6B}.Release|Any CPU.Build.0 = Release|Any CPU
	EndGlobalSection
	GlobalSection(SolutionProperties) = preSolution
		HideSolutionNode = FALSE
	EndGlobalSection
	GlobalSection(ExtensibilityGlobals) = postSolution
		SolutionGuid = {94940447-680B-4E38-87D1-BAE3F4C18A18}
	EndGlobalSection
EndGlobal
