
Microsoft Visual Studio Solution File, Format Version 12.00
# Visual Studio 15
VisualStudioVersion = 15.0.28010.2026
MinimumVisualStudioVersion = 10.0.40219.1
Project("{FAE04EC0-301F-11D3-BF4B-00C04F79EFBC}") = "Test47", "Test47\Test47.csproj", "{C3F15DE4-2D47-4A86-8DDC-DD0591AFACDA}"
EndProject
Global
	GlobalSection(SolutionConfigurationPlatforms) = preSolution
		Debug|Any CPU = Debug|Any CPU
		Release|Any CPU = Release|Any CPU
	EndGlobalSection
	GlobalSection(ProjectConfigurationPlatforms) = postSolution
		{C3F15DE4-2D47-4A86-8DDC-DD0591AFACDA}.Debug|Any CPU.ActiveCfg = Debug|Any CPU
		{C3F15DE4-2D47-4A86-8DDC-DD0591AFACDA}.Debug|Any CPU.Build.0 = Debug|Any CPU
		{C3F15DE4-2D47-4A86-8DDC-DD0591AFACDA}.Release|Any CPU.ActiveCfg = Release|Any CPU
		{C3F15DE4-2D47-4A86-8DDC-DD0591AFACDA}.Release|Any CPU.Build.0 = Release|Any CPU
	EndGlobalSection
	GlobalSection(SolutionProperties) = preSolution
		HideSolutionNode = FALSE
	EndGlobalSection
	GlobalSection(ExtensibilityGlobals) = postSolution
		SolutionGuid = {C82A117D-255E-4483-A3D3-B57D11238FA6}
	EndGlobalSection
EndGlobal
