
Microsoft Visual Studio Solution File, Format Version 12.00
# Visual Studio 15
VisualStudioVersion = 15.0.28010.2026
MinimumVisualStudioVersion = 10.0.40219.1
Project("{FAE04EC0-301F-11D3-BF4B-00C04F79EFBC}") = "Test54", "Test54\Test54.csproj", "{1D7F9F90-D644-44FA-A470-9906E7D028CD}"
EndProject
Global
	GlobalSection(SolutionConfigurationPlatforms) = preSolution
		Debug|Any CPU = Debug|Any CPU
		Release|Any CPU = Release|Any CPU
	EndGlobalSection
	GlobalSection(ProjectConfigurationPlatforms) = postSolution
		{1D7F9F90-D644-44FA-A470-9906E7D028CD}.Debug|Any CPU.ActiveCfg = Debug|Any CPU
		{1D7F9F90-D644-44FA-A470-9906E7D028CD}.Debug|Any CPU.Build.0 = Debug|Any CPU
		{1D7F9F90-D644-44FA-A470-9906E7D028CD}.Release|Any CPU.ActiveCfg = Release|Any CPU
		{1D7F9F90-D644-44FA-A470-9906E7D028CD}.Release|Any CPU.Build.0 = Release|Any CPU
	EndGlobalSection
	GlobalSection(SolutionProperties) = preSolution
		HideSolutionNode = FALSE
	EndGlobalSection
	GlobalSection(ExtensibilityGlobals) = postSolution
		SolutionGuid = {5C685AE9-247D-4102-901F-622C565B6735}
	EndGlobalSection
EndGlobal
