
Microsoft Visual Studio Solution File, Format Version 12.00
# Visual Studio 15
VisualStudioVersion = 15.0.28010.2026
MinimumVisualStudioVersion = 10.0.40219.1
Project("{FAE04EC0-301F-11D3-BF4B-00C04F79EFBC}") = "Test56", "Test56\Test56.csproj", "{69F6906D-8313-4A52-B40C-30312184EFD6}"
EndProject
Global
	GlobalSection(SolutionConfigurationPlatforms) = preSolution
		Debug|Any CPU = Debug|Any CPU
		Release|Any CPU = Release|Any CPU
	EndGlobalSection
	GlobalSection(ProjectConfigurationPlatforms) = postSolution
		{69F6906D-8313-4A52-B40C-30312184EFD6}.Debug|Any CPU.ActiveCfg = Debug|Any CPU
		{69F6906D-8313-4A52-B40C-30312184EFD6}.Debug|Any CPU.Build.0 = Debug|Any CPU
		{69F6906D-8313-4A52-B40C-30312184EFD6}.Release|Any CPU.ActiveCfg = Release|Any CPU
		{69F6906D-8313-4A52-B40C-30312184EFD6}.Release|Any CPU.Build.0 = Release|Any CPU
	EndGlobalSection
	GlobalSection(SolutionProperties) = preSolution
		HideSolutionNode = FALSE
	EndGlobalSection
	GlobalSection(ExtensibilityGlobals) = postSolution
		SolutionGuid = {5ADCB290-EE68-434D-89AF-6FB7DB2D5EDD}
	EndGlobalSection
EndGlobal
