
Microsoft Visual Studio Solution File, Format Version 12.00
# Visual Studio 15
VisualStudioVersion = 15.0.28010.2026
MinimumVisualStudioVersion = 10.0.40219.1
Project("{FAE04EC0-301F-11D3-BF4B-00C04F79EFBC}") = "Test28", "Test28\Test28.csproj", "{C3B34B54-8F1F-415C-852B-9BEF4F0A4B69}"
EndProject
Global
	GlobalSection(SolutionConfigurationPlatforms) = preSolution
		Debug|Any CPU = Debug|Any CPU
		Release|Any CPU = Release|Any CPU
	EndGlobalSection
	GlobalSection(ProjectConfigurationPlatforms) = postSolution
		{C3B34B54-8F1F-415C-852B-9BEF4F0A4B69}.Debug|Any CPU.ActiveCfg = Debug|Any CPU
		{C3B34B54-8F1F-415C-852B-9BEF4F0A4B69}.Debug|Any CPU.Build.0 = Debug|Any CPU
		{C3B34B54-8F1F-415C-852B-9BEF4F0A4B69}.Release|Any CPU.ActiveCfg = Release|Any CPU
		{C3B34B54-8F1F-415C-852B-9BEF4F0A4B69}.Release|Any CPU.Build.0 = Release|Any CPU
	EndGlobalSection
	GlobalSection(SolutionProperties) = preSolution
		HideSolutionNode = FALSE
	EndGlobalSection
	GlobalSection(ExtensibilityGlobals) = postSolution
		SolutionGuid = {7329FAEE-1F9E-4794-B009-E82D8BD21CA9}
	EndGlobalSection
EndGlobal
