
Microsoft Visual Studio Solution File, Format Version 12.00
# Visual Studio 15
VisualStudioVersion = 15.0.28010.2026
MinimumVisualStudioVersion = 10.0.40219.1
Project("{FAE04EC0-301F-11D3-BF4B-00C04F79EFBC}") = "Test38", "Test38\Test38.csproj", "{E974F0CD-DC33-45C5-A22D-1CF5A9D2C449}"
EndProject
Global
	GlobalSection(SolutionConfigurationPlatforms) = preSolution
		Debug|Any CPU = Debug|Any CPU
		Release|Any CPU = Release|Any CPU
	EndGlobalSection
	GlobalSection(ProjectConfigurationPlatforms) = postSolution
		{E974F0CD-DC33-45C5-A22D-1CF5A9D2C449}.Debug|Any CPU.ActiveCfg = Debug|Any CPU
		{E974F0CD-DC33-45C5-A22D-1CF5A9D2C449}.Debug|Any CPU.Build.0 = Debug|Any CPU
		{E974F0CD-DC33-45C5-A22D-1CF5A9D2C449}.Release|Any CPU.ActiveCfg = Release|Any CPU
		{E974F0CD-DC33-45C5-A22D-1CF5A9D2C449}.Release|Any CPU.Build.0 = Release|Any CPU
	EndGlobalSection
	GlobalSection(SolutionProperties) = preSolution
		HideSolutionNode = FALSE
	EndGlobalSection
	GlobalSection(ExtensibilityGlobals) = postSolution
		SolutionGuid = {570FE5BF-6E78-409B-8159-7E98BE3F1B59}
	EndGlobalSection
EndGlobal
