
Microsoft Visual Studio Solution File, Format Version 12.00
# Visual Studio 15
VisualStudioVersion = 15.0.28010.2026
MinimumVisualStudioVersion = 10.0.40219.1
Project("{FAE04EC0-301F-11D3-BF4B-00C04F79EFBC}") = "Test41", "Test41\Test41.csproj", "{8D9BE3E9-4687-426F-AC16-153DCC5AA3C1}"
EndProject
Global
	GlobalSection(SolutionConfigurationPlatforms) = preSolution
		Debug|Any CPU = Debug|Any CPU
		Release|Any CPU = Release|Any CPU
	EndGlobalSection
	GlobalSection(ProjectConfigurationPlatforms) = postSolution
		{8D9BE3E9-4687-426F-AC16-153DCC5AA3C1}.Debug|Any CPU.ActiveCfg = Debug|Any CPU
		{8D9BE3E9-4687-426F-AC16-153DCC5AA3C1}.Debug|Any CPU.Build.0 = Debug|Any CPU
		{8D9BE3E9-4687-426F-AC16-153DCC5AA3C1}.Release|Any CPU.ActiveCfg = Release|Any CPU
		{8D9BE3E9-4687-426F-AC16-153DCC5AA3C1}.Release|Any CPU.Build.0 = Release|Any CPU
	EndGlobalSection
	GlobalSection(SolutionProperties) = preSolution
		HideSolutionNode = FALSE
	EndGlobalSection
	GlobalSection(ExtensibilityGlobals) = postSolution
		SolutionGuid = {734C17C1-CFFC-443D-8518-19EE47C45ACC}
	EndGlobalSection
EndGlobal
