
Microsoft Visual Studio Solution File, Format Version 12.00
# Visual Studio 15
VisualStudioVersion = 15.0.28010.2026
MinimumVisualStudioVersion = 10.0.40219.1
Project("{FAE04EC0-301F-11D3-BF4B-00C04F79EFBC}") = "Test3", "Test3\Test3.csproj", "{56BD5385-E5C9-482F-A9A8-DFDCB6295439}"
EndProject
Global
	GlobalSection(SolutionConfigurationPlatforms) = preSolution
		Debug|Any CPU = Debug|Any CPU
		Release|Any CPU = Release|Any CPU
	EndGlobalSection
	GlobalSection(ProjectConfigurationPlatforms) = postSolution
		{56BD5385-E5C9-482F-A9A8-DFDCB6295439}.Debug|Any CPU.ActiveCfg = Debug|Any CPU
		{56BD5385-E5C9-482F-A9A8-DFDCB6295439}.Debug|Any CPU.Build.0 = Debug|Any CPU
		{56BD5385-E5C9-482F-A9A8-DFDCB6295439}.Release|Any CPU.ActiveCfg = Release|Any CPU
		{56BD5385-E5C9-482F-A9A8-DFDCB6295439}.Release|Any CPU.Build.0 = Release|Any CPU
	EndGlobalSection
	GlobalSection(SolutionProperties) = preSolution
		HideSolutionNode = FALSE
	EndGlobalSection
	GlobalSection(ExtensibilityGlobals) = postSolution
		SolutionGuid = {CF19B0FA-543C-4708-94AB-F723534F0E70}
	EndGlobalSection
EndGlobal
