
Microsoft Visual Studio Solution File, Format Version 12.00
# Visual Studio 15
VisualStudioVersion = 15.0.28010.2026
MinimumVisualStudioVersion = 10.0.40219.1
Project("{FAE04EC0-301F-11D3-BF4B-00C04F79EFBC}") = "Test4", "Test4\Test4.csproj", "{4050525D-B40A-4E0A-829C-0447517D3908}"
EndProject
Global
	GlobalSection(SolutionConfigurationPlatforms) = preSolution
		Debug|Any CPU = Debug|Any CPU
		Release|Any CPU = Release|Any CPU
	EndGlobalSection
	GlobalSection(ProjectConfigurationPlatforms) = postSolution
		{4050525D-B40A-4E0A-829C-0447517D3908}.Debug|Any CPU.ActiveCfg = Debug|Any CPU
		{4050525D-B40A-4E0A-829C-0447517D3908}.Debug|Any CPU.Build.0 = Debug|Any CPU
		{4050525D-B40A-4E0A-829C-0447517D3908}.Release|Any CPU.ActiveCfg = Release|Any CPU
		{4050525D-B40A-4E0A-829C-0447517D3908}.Release|Any CPU.Build.0 = Release|Any CPU
	EndGlobalSection
	GlobalSection(SolutionProperties) = preSolution
		HideSolutionNode = FALSE
	EndGlobalSection
	GlobalSection(ExtensibilityGlobals) = postSolution
		SolutionGuid = {D15A4AEB-1395-4A65-842C-2ADCC13B89B5}
	EndGlobalSection
EndGlobal
