
Microsoft Visual Studio Solution File, Format Version 12.00
# Visual Studio 15
VisualStudioVersion = 15.0.28010.2026
MinimumVisualStudioVersion = 10.0.40219.1
Project("{FAE04EC0-301F-11D3-BF4B-00C04F79EFBC}") = "Test48", "Test48\Test48.csproj", "{89EFF0A6-6A03-4243-B720-BED5106F1A2A}"
EndProject
Global
	GlobalSection(SolutionConfigurationPlatforms) = preSolution
		Debug|Any CPU = Debug|Any CPU
		Release|Any CPU = Release|Any CPU
	EndGlobalSection
	GlobalSection(ProjectConfigurationPlatforms) = postSolution
		{89EFF0A6-6A03-4243-B720-BED5106F1A2A}.Debug|Any CPU.ActiveCfg = Debug|Any CPU
		{89EFF0A6-6A03-4243-B720-BED5106F1A2A}.Debug|Any CPU.Build.0 = Debug|Any CPU
		{89EFF0A6-6A03-4243-B720-BED5106F1A2A}.Release|Any CPU.ActiveCfg = Release|Any CPU
		{89EFF0A6-6A03-4243-B720-BED5106F1A2A}.Release|Any CPU.Build.0 = Release|Any CPU
	EndGlobalSection
	GlobalSection(SolutionProperties) = preSolution
		HideSolutionNode = FALSE
	EndGlobalSection
	GlobalSection(ExtensibilityGlobals) = postSolution
		SolutionGuid = {B904D1A2-58AC-430B-B7E6-FADE21C0E394}
	EndGlobalSection
EndGlobal
