
Microsoft Visual Studio Solution File, Format Version 12.00
# Visual Studio 15
VisualStudioVersion = 15.0.28010.2026
MinimumVisualStudioVersion = 10.0.40219.1
Project("{FAE04EC0-301F-11D3-BF4B-00C04F79EFBC}") = "Test40", "Test40\Test40.csproj", "{BF2C628B-6D0D-44D3-B3E6-366954A71707}"
EndProject
Global
	GlobalSection(SolutionConfigurationPlatforms) = preSolution
		Debug|Any CPU = Debug|Any CPU
		Release|Any CPU = Release|Any CPU
	EndGlobalSection
	GlobalSection(ProjectConfigurationPlatforms) = postSolution
		{BF2C628B-6D0D-44D3-B3E6-366954A71707}.Debug|Any CPU.ActiveCfg = Debug|Any CPU
		{BF2C628B-6D0D-44D3-B3E6-366954A71707}.Debug|Any CPU.Build.0 = Debug|Any CPU
		{BF2C628B-6D0D-44D3-B3E6-366954A71707}.Release|Any CPU.ActiveCfg = Release|Any CPU
		{BF2C628B-6D0D-44D3-B3E6-366954A71707}.Release|Any CPU.Build.0 = Release|Any CPU
	EndGlobalSection
	GlobalSection(SolutionProperties) = preSolution
		HideSolutionNode = FALSE
	EndGlobalSection
	GlobalSection(ExtensibilityGlobals) = postSolution
		SolutionGuid = {AFB343D2-67DB-472D-8223-B5D9D3460A65}
	EndGlobalSection
EndGlobal
