
Microsoft Visual Studio Solution File, Format Version 12.00
# Visual Studio 15
VisualStudioVersion = 15.0.28010.2026
MinimumVisualStudioVersion = 10.0.40219.1
Project("{FAE04EC0-301F-11D3-BF4B-00C04F79EFBC}") = "Test21", "Test21\Test21.csproj", "{A5997C12-453B-4A70-B42C-40A02F447EC8}"
EndProject
Global
	GlobalSection(SolutionConfigurationPlatforms) = preSolution
		Debug|Any CPU = Debug|Any CPU
		Release|Any CPU = Release|Any CPU
	EndGlobalSection
	GlobalSection(ProjectConfigurationPlatforms) = postSolution
		{A5997C12-453B-4A70-B42C-40A02F447EC8}.Debug|Any CPU.ActiveCfg = Debug|Any CPU
		{A5997C12-453B-4A70-B42C-40A02F447EC8}.Debug|Any CPU.Build.0 = Debug|Any CPU
		{A5997C12-453B-4A70-B42C-40A02F447EC8}.Release|Any CPU.ActiveCfg = Release|Any CPU
		{A5997C12-453B-4A70-B42C-40A02F447EC8}.Release|Any CPU.Build.0 = Release|Any CPU
	EndGlobalSection
	GlobalSection(SolutionProperties) = preSolution
		HideSolutionNode = FALSE
	EndGlobalSection
	GlobalSection(ExtensibilityGlobals) = postSolution
		SolutionGuid = {EE6E79EE-B7B6-4732-BD82-C522FC8B263D}
	EndGlobalSection
EndGlobal
