
Microsoft Visual Studio Solution File, Format Version 12.00
# Visual Studio 15
VisualStudioVersion = 15.0.28010.2026
MinimumVisualStudioVersion = 10.0.40219.1
Project("{FAE04EC0-301F-11D3-BF4B-00C04F79EFBC}") = "Test35", "Test35\Test35.csproj", "{F9C2986F-9F27-408B-9E14-6ACDD2054430}"
EndProject
Global
	GlobalSection(SolutionConfigurationPlatforms) = preSolution
		Debug|Any CPU = Debug|Any CPU
		Release|Any CPU = Release|Any CPU
	EndGlobalSection
	GlobalSection(ProjectConfigurationPlatforms) = postSolution
		{F9C2986F-9F27-408B-9E14-6ACDD2054430}.Debug|Any CPU.ActiveCfg = Debug|Any CPU
		{F9C2986F-9F27-408B-9E14-6ACDD2054430}.Debug|Any CPU.Build.0 = Debug|Any CPU
		{F9C2986F-9F27-408B-9E14-6ACDD2054430}.Release|Any CPU.ActiveCfg = Release|Any CPU
		{F9C2986F-9F27-408B-9E14-6ACDD2054430}.Release|Any CPU.Build.0 = Release|Any CPU
	EndGlobalSection
	GlobalSection(SolutionProperties) = preSolution
		HideSolutionNode = FALSE
	EndGlobalSection
	GlobalSection(ExtensibilityGlobals) = postSolution
		SolutionGuid = {F5062280-1216-47B9-B5DC-938532300F37}
	EndGlobalSection
EndGlobal
